# This file is automatically @generated by Cargo.
# It is not intended for manual editing.
version = 4

[[package]]
name = "threeterm-cli"
version = "0.1.0"

[[package]]
name = "threeterm-domain"
version = "0.1.0"

[[package]]
name = "threeterm-host"
version = "0.1.0"

[[package]]
name = "threeterm-lua-bridge"
version = "0.1.0"

[[package]]
name = "threeterm-mcp"
version = "0.1.0"

[[package]]
name = "threeterm-occt-worker"
version = "0.1.0"

[[package]]
name = "threeterm-persistence"
version = "0.1.0"

[[package]]
name = "threeterm-protocol"
version = "0.1.0"

[[package]]
name = "threeterm-slvs-worker"
version = "0.1.0"

[[package]]
name = "threeterm-theme"
version = "0.1.0"

[[package]]
name = "threeterm-tui"
version = "0.1.0"

[[package]]
name = "threeterm-viewport"
version = "0.1.0"
